# This file is autogenerated, do not edit; changes may be undone by the next 'dep ensure'.


[[projects]]
  branch = "master"
  name = "github.com/faiface/glhf"
  packages = ["."]
  revision = "82a6317ac380cdc61567d729fe48833d75b8108e"

[[projects]]
  branch = "master"
  name = "github.com/faiface/mainthread"
  packages = ["."]
  revision = "8b78f0a41ae388189090ac4506612659fa53082b"

[[projects]]
  name = "github.com/faiface/pixel"
  packages = [
    ".",
    "imdraw",
    "pixelgl"
  ]
  revision = "0c2d627cfa32f437abe22d6a6ee1de7d102c0264"
  version = "v0.8.0"

[[projects]]
  branch = "master"
  name = "github.com/go-gl/gl"
  packages = ["v3.3-core/gl"]
  revision = "55b76b7df9d25d70b63e31a767f47158292b85d8"

[[projects]]
  branch = "master"
  name = "github.com/go-gl/glfw"
  packages = ["v3.2/glfw"]
  revision = "691ee1b84c51ae625ed1aafebc915d3db3d63d66"

[[projects]]
  branch = "master"
  name = "github.com/go-gl/mathgl"
  packages = ["mgl32"]
  revision = "cdf14b6b8f8a4a1bfb003dd5119205c5f711d85a"

[[projects]]
  branch = "master"
  name = "github.com/gordonklaus/portaudio"
  packages = ["."]
  revision = "00e7307ccd93051979a933c6fd5ead641eba5686"

[[projects]]
  name = "github.com/pkg/errors"
  packages = ["."]
  revision = "645ef00459ed84a119197bfb8d8205042c6df63d"
  version = "v0.8.0"

[[projects]]
  branch = "master"
  name = "github.com/youpy/go-riff"
  packages = ["."]
  revision = "557d78c11efbdcdf178bf52723cfba91f02e0bb2"

[[projects]]
  branch = "master"
  name = "github.com/youpy/go-wav"
  packages = ["."]
  revision = "b63a9887d320becede259f24ba8ba7b2459659da"

[[projects]]
  branch = "master"
  name = "golang.org/x/image"
  packages = ["math/f32"]
  revision = "2a2258ff36e99cf9156acfc715e3f83d47d6f0fd"

[solve-meta]
  analyzer-name = "dep"
  analyzer-version = 1
  inputs-digest = "da5550df25f9641a9114876953c9f52bfe190a82b0ffc1729ceb4a92e67a67b1"
  solver-name = "gps-cdcl"
  solver-version = 1
